
Microsoft Visual Studio Solution File, Format Version 12.00
# Visual Studio Version 16
VisualStudioVersion = 16.0.29102.190
MinimumVisualStudioVersion = 10.0.40219.1
Project("{9A19103F-16F7-4668-BE54-9A1E7A4F7556}") = "FFRGManagerService", "FFRGManagerService.csproj", "{6E96F05B-FA95-4C68-8E55-3F7CC7A25ADF}"
EndProject
Global
	GlobalSection(SolutionConfigurationPlatforms) = preSolution
		Debug|Any CPU = Debug|Any CPU
		Release|Any CPU = Release|Any CPU
	EndGlobalSection
	GlobalSection(ProjectConfigurationPlatforms) = postSolution
		{6E96F05B-FA95-4C68-8E55-3F7CC7A25ADF}.Debug|Any CPU.ActiveCfg = Debug|Any CPU
		{6E96F05B-FA95-4C68-8E55-3F7CC7A25ADF}.Debug|Any CPU.Build.0 = Debug|Any CPU
		{6E96F05B-FA95-4C68-8E55-3F7CC7A25ADF}.Release|Any CPU.ActiveCfg = Release|Any CPU
		{6E96F05B-FA95-4C68-8E55-3F7CC7A25ADF}.Release|Any CPU.Build.0 = Release|Any CPU
	EndGlobalSection
	GlobalSection(SolutionProperties) = preSolution
		HideSolutionNode = FALSE
	EndGlobalSection
	GlobalSection(ExtensibilityGlobals) = postSolution
		SolutionGuid = {BB45A6FB-70CD-46A8-9E6E-A7320732CF51}
	EndGlobalSection
EndGlobal
